
Microsoft Visual Studio Solution File, Format Version 12.00
# Visual Studio Version 16
VisualStudioVersion = 16.0.29424.173
MinimumVisualStudioVersion = 10.0.40219.1
Project("{FAE04EC0-301F-11D3-BF4B-00C04F79EFBC}") = "ARMDataManager", "ARMDataManager\ARMDataManager.csproj", "{A263EBF8-9DBA-4473-B8EA-A718BEE681C8}"
EndProject
Project("{00D1A9C2-B5F0-4AF3-8072-F6C62B433612}") = "ARMData", "ARMData\ARMData.sqlproj", "{CE981169-5DD0-4EB9-9476-C6B99276A58E}"
EndProject
Project("{FAE04EC0-301F-11D3-BF4B-00C04F79EFBC}") = "ARMDesktopUI", "ARMDesktopUI\ARMDesktopUI.csproj", "{56AA24FF-C8F5-4CD2-8C93-51762D27CE9E}"
EndProject
Project("{FAE04EC0-301F-11D3-BF4B-00C04F79EFBC}") = "ARMDataManager.Library", "ARMDataManager.Library\ARMDataManager.Library.csproj", "{1D43FE98-E8B9-464F-8CDD-CB42A1CD6A06}"
EndProject
Global
	GlobalSection(SolutionConfigurationPlatforms) = preSolution
		Debug|Any CPU = Debug|Any CPU
		Release|Any CPU = Release|Any CPU
	EndGlobalSection
	GlobalSection(ProjectConfigurationPlatforms) = postSolution
		{A263EBF8-9DBA-4473-B8EA-A718BEE681C8}.Debug|Any CPU.ActiveCfg = Debug|Any CPU
		{A263EBF8-9DBA-4473-B8EA-A718BEE681C8}.Debug|Any CPU.Build.0 = Debug|Any CPU
		{A263EBF8-9DBA-4473-B8EA-A718BEE681C8}.Release|Any CPU.ActiveCfg = Release|Any CPU
		{A263EBF8-9DBA-4473-B8EA-A718BEE681C8}.Release|Any CPU.Build.0 = Release|Any CPU
		{CE981169-5DD0-4EB9-9476-C6B99276A58E}.Debug|Any CPU.ActiveCfg = Debug|Any CPU
		{CE981169-5DD0-4EB9-9476-C6B99276A58E}.Debug|Any CPU.Build.0 = Debug|Any CPU
		{CE981169-5DD0-4EB9-9476-C6B99276A58E}.Debug|Any CPU.Deploy.0 = Debug|Any CPU
		{CE981169-5DD0-4EB9-9476-C6B99276A58E}.Release|Any CPU.ActiveCfg = Release|Any CPU
		{CE981169-5DD0-4EB9-9476-C6B99276A58E}.Release|Any CPU.Build.0 = Release|Any CPU
		{CE981169-5DD0-4EB9-9476-C6B99276A58E}.Release|Any CPU.Deploy.0 = Release|Any CPU
		{56AA24FF-C8F5-4CD2-8C93-51762D27CE9E}.Debug|Any CPU.ActiveCfg = Debug|Any CPU
		{56AA24FF-C8F5-4CD2-8C93-51762D27CE9E}.Debug|Any CPU.Build.0 = Debug|Any CPU
		{56AA24FF-C8F5-4CD2-8C93-51762D27CE9E}.Release|Any CPU.ActiveCfg = Release|Any CPU
		{56AA24FF-C8F5-4CD2-8C93-51762D27CE9E}.Release|Any CPU.Build.0 = Release|Any CPU
		{1D43FE98-E8B9-464F-8CDD-CB42A1CD6A06}.Debug|Any CPU.ActiveCfg = Debug|Any CPU
		{1D43FE98-E8B9-464F-8CDD-CB42A1CD6A06}.Debug|Any CPU.Build.0 = Debug|Any CPU
		{1D43FE98-E8B9-464F-8CDD-CB42A1CD6A06}.Release|Any CPU.ActiveCfg = Release|Any CPU
		{1D43FE98-E8B9-464F-8CDD-CB42A1CD6A06}.Release|Any CPU.Build.0 = Release|Any CPU
	EndGlobalSection
	GlobalSection(SolutionProperties) = preSolution
		HideSolutionNode = FALSE
	EndGlobalSection
	GlobalSection(ExtensibilityGlobals) = postSolution
		SolutionGuid = {F0BA3F42-53FC-4A2D-8537-83C62748FE09}
	EndGlobalSection
EndGlobal
